
Microsoft Visual Studio Solution File, Format Version 12.00
# Visual Studio Version 17
VisualStudioVersion = 17.11.35327.3
MinimumVisualStudioVersion = 10.0.40219.1
Project("{FAE04EC0-301F-11D3-BF4B-00C04F79EFBC}") = "JobScheduler", "JobScheduler\JobScheduler.csproj", "{054B23E2-0F9B-431A-80E9-09B8A35CFB01}"
EndProject
Global
	GlobalSection(SolutionConfigurationPlatforms) = preSolution
		Debug|Any CPU = Debug|Any CPU
		Release|Any CPU = Release|Any CPU
	EndGlobalSection
	GlobalSection(ProjectConfigurationPlatforms) = postSolution
		{054B23E2-0F9B-431A-80E9-09B8A35CFB01}.Debug|Any CPU.ActiveCfg = Debug|Any CPU
		{054B23E2-0F9B-431A-80E9-09B8A35CFB01}.Debug|Any CPU.Build.0 = Debug|Any CPU
		{054B23E2-0F9B-431A-80E9-09B8A35CFB01}.Release|Any CPU.ActiveCfg = Release|Any CPU
		{054B23E2-0F9B-431A-80E9-09B8A35CFB01}.Release|Any CPU.Build.0 = Release|Any CPU
	EndGlobalSection
	GlobalSection(SolutionProperties) = preSolution
		HideSolutionNode = FALSE
	EndGlobalSection
	GlobalSection(ExtensibilityGlobals) = postSolution
		SolutionGuid = {DF0B430A-4DCB-4906-9DD4-6B6F56FB2176}
	EndGlobalSection
EndGlobal
